
Microsoft Visual Studio Solution File, Format Version 12.00
# Visual Studio Version 16
VisualStudioVersion = 16.0.31321.278
MinimumVisualStudioVersion = 10.0.40219.1
Project("{FAE04EC0-301F-11D3-BF4B-00C04F79EFBC}") = "RoomManager", "RoomManager\RoomManager.csproj", "{E62E6274-B306-4A76-9916-904688898144}"
EndProject
Global
	GlobalSection(SolutionConfigurationPlatforms) = preSolution
		Debug|x64 = Debug|x64
	EndGlobalSection
	GlobalSection(ProjectConfigurationPlatforms) = postSolution
		{E62E6274-B306-4A76-9916-904688898144}.Debug|x64.ActiveCfg = Debug|x64
		{E62E6274-B306-4A76-9916-904688898144}.Debug|x64.Build.0 = Debug|x64
	EndGlobalSection
	GlobalSection(SolutionProperties) = preSolution
		HideSolutionNode = FALSE
	EndGlobalSection
	GlobalSection(ExtensibilityGlobals) = postSolution
		SolutionGuid = {459EA689-5659-4DB5-996B-7834BB31C90D}
	EndGlobalSection
EndGlobal
